<?xml version="1.0" encoding="utf-8"?>
<Project ToolsVersion="4.0" xmlns="http://schemas.microsoft.com/developer/msbuild/2003">
  <ItemGroup>
    <Filter Include="Source Files">
      <UniqueIdentifier>{4FC737F1-C7A5-4376-A066-2A32D752A2FF}</UniqueIdentifier>
      <Extensions>cpp;c;cc;cxx;def;odl;idl;hpj;bat;asm;asmx</Extensions>
    </Filter>
    <Filter Include="Header Files">
      <UniqueIdentifier>{93995380-89BD-4b04-88EB-625FBE52EBFB}</UniqueIdentifier>
      <Extensions>h;hh;hpp;hxx;hm;inl;inc;xsd</Extensions>
    </Filter>
    <Filter Include="Resource Files">
      <UniqueIdentifier>{67DA6AB6-F800-4c08-8B7A-83BB121AAD01}</UniqueIdentifier>
      <Extensions>rc;ico;cur;bmp;dlg;rc2;rct;bin;rgs;gif;jpg;jpeg;jpe;resx;tiff;tif;png;wav;mfcribbon-ms</Extensions>
    </Filter>
  </ItemGroup>
  <ItemGroup>
    <ClCompile Include="..\main.cpp">
      <Filter>Source Files</Filter>
    </ClCompile>
    <ClCompile Include="..\pch.cpp">
      <Filter>Source Files</Filter>
    </ClCompile>
    <ClCompile Include="..\app.cpp">
      <Filter>Source Files</Filter>
    </ClCompile>
    <ClCompile Include="..\frame.cpp">
      <Filter>Source Files</Filter>
    </ClCompile>
    <ClCompile Include="..\sliderdlg.cpp">
      <Filter>Source Files</Filter>
    </ClCompile>
    <ClCompile Include="..\checklstdlg.cpp">
      <Filter>Source Files</Filter>
    </ClCompile>
    <ClCompile Include="..\monthcaldlg.cpp">
      <Filter>Source Files</Filter>
    </ClCompile>
    <ClCompile Include="..\urllinkdlg.cpp">
      <Filter>Source Files</Filter>
    </ClCompile>
    <ClCompile Include="..\glyphbtndlg.cpp">
      <Filter>Source Files</Filter>
    </ClCompile>
    <ClCompile Include="..\client.cpp">
      <Filter>Source Files</Filter>
    </ClCompile>
    <ClCompile Include="..\scrollwnd.cpp">
      <Filter>Source Files</Filter>
    </ClCompile>
    <ClCompile Include="..\treeviewwnd.cpp">
      <Filter>Source Files</Filter>
    </ClCompile>
    <ClCompile Include="..\bmpviewwnd.cpp">
      <Filter>Source Files</Filter>
    </ClCompile>
    <ClCompile Include="..\employeedlg.cpp">
      <Filter>Source Files</Filter>
    </ClCompile>
    <ClCompile Include="..\copydatawnd.cpp">
      <Filter>Source Files</Filter>
    </ClCompile>
    <ClCompile Include="..\cpuinfownd.cpp">
      <Filter>Source Files</Filter>
    </ClCompile>
    <ClCompile Include="..\exceptiontransport.cpp">
      <Filter>Source Files</Filter>
    </ClCompile>
    <ClCompile Include="..\tabctrl.cpp">
      <Filter>Source Files</Filter>
    </ClCompile>
    <ClCompile Include="..\tabbed.cpp">
      <Filter>Source Files</Filter>
    </ClCompile>
    <ClCompile Include="..\dialogdatatransfer.cpp">
      <Filter>Source Files</Filter>
    </ClCompile>
    <ClCompile Include="..\transfer.cpp">
      <Filter>Source Files</Filter>
    </ClCompile>
    <ClCompile Include="..\transferbuffer.cpp">
      <Filter>Source Files</Filter>
    </ClCompile>
    <ClCompile Include="..\moredlg.cpp">
      <Filter>Source Files</Filter>
    </ClCompile>
    <ClCompile Include="..\thmsdlg.cpp">
      <Filter>Source Files</Filter>
    </ClCompile>
    <ClCompile Include="..\opendlg.cpp">
      <Filter>Source Files</Filter>
    </ClCompile>
    <ClCompile Include="..\layoutwnd.cpp">
      <Filter>Source Files</Filter>
    </ClCompile>
    <ClCompile Include="..\listviewwnd.cpp">
      <Filter>Source Files</Filter>
    </ClCompile>
    <ClCompile Include="..\resizabledialog.cpp">
      <Filter>Source Files</Filter>
    </ClCompile>
    <ClCompile Include="..\resizabledialogs1.cpp">
      <Filter>Source Files</Filter>
    </ClCompile>
    <ClCompile Include="..\treelist.cpp">
      <Filter>Source Files</Filter>
    </ClCompile>
    <ClCompile Include="..\gridpicdlg.cpp">
      <Filter>Source Files</Filter>
    </ClCompile>
    <ClCompile Include="..\draglistwnd.cpp">
      <Filter>Source Files</Filter>
    </ClCompile>
    <ClCompile Include="..\ledclock.cpp">
      <Filter>Source Files</Filter>
    </ClCompile>
    <ClCompile Include="..\ledclockdlg.cpp">
      <Filter>Source Files</Filter>
    </ClCompile>
  </ItemGroup>
  <ItemGroup>
    <Manifest Include="..\common-controls-6.manifest">
      <Filter>Resource Files</Filter>
    </Manifest>
  </ItemGroup>
  <ItemGroup>
    <ClInclude Include="..\pch.h">
      <Filter>Header Files</Filter>
    </ClInclude>
    <ClInclude Include="..\resource.h">
      <Filter>Header Files</Filter>
    </ClInclude>
    <ClInclude Include="..\app.h">
      <Filter>Header Files</Filter>
    </ClInclude>
    <ClInclude Include="..\frame.h">
      <Filter>Header Files</Filter>
    </ClInclude>
    <ClInclude Include="..\sliderdlg.h">
      <Filter>Header Files</Filter>
    </ClInclude>
    <ClInclude Include="..\checklstdlg.h">
      <Filter>Header Files</Filter>
    </ClInclude>
    <ClInclude Include="..\monthcaldlg.h">
      <Filter>Header Files</Filter>
    </ClInclude>
    <ClInclude Include="..\urllinkdlg.h">
      <Filter>Header Files</Filter>
    </ClInclude>
    <ClInclude Include="..\glyphbtndlg.h">
      <Filter>Header Files</Filter>
    </ClInclude>
    <ClInclude Include="..\client.h">
      <Filter>Header Files</Filter>
    </ClInclude>
    <ClInclude Include="..\scrollwnd.h">
      <Filter>Header Files</Filter>
    </ClInclude>
    <ClInclude Include="..\treeviewwnd.h">
      <Filter>Header Files</Filter>
    </ClInclude>
    <ClInclude Include="..\bmpviewwnd.h">
      <Filter>Header Files</Filter>
    </ClInclude>
    <ClInclude Include="..\employeedlg.h">
      <Filter>Header Files</Filter>
    </ClInclude>
    <ClInclude Include="..\copydatawnd.h">
      <Filter>Header Files</Filter>
    </ClInclude>
    <ClInclude Include="..\cpuinfownd.h">
      <Filter>Header Files</Filter>
    </ClInclude>
    <ClInclude Include="..\exceptiontransport.h">
      <Filter>Header Files</Filter>
    </ClInclude>
    <ClInclude Include="..\tabctrl.rh">
      <Filter>Header Files</Filter>
    </ClInclude>
    <ClInclude Include="..\tabctrl.h">
      <Filter>Header Files</Filter>
    </ClInclude>
    <ClInclude Include="..\tabbed.rh">
      <Filter>Header Files</Filter>
    </ClInclude>
    <ClInclude Include="..\moredlg.h">
      <Filter>Header Files</Filter>
    </ClInclude>
    <ClInclude Include="..\thmsdlg.h">
      <Filter>Header Files</Filter>
    </ClInclude>
    <ClInclude Include="..\opendlg.h">
      <Filter>Header Files</Filter>
    </ClInclude>
    <ClInclude Include="..\layout.rh">
      <Filter>Header Files</Filter>
    </ClInclude>
    <ClInclude Include="..\layoutwnd.h">
      <Filter>Header Files</Filter>
    </ClInclude>
    <ClInclude Include="..\listviewwnd.h">
      <Filter>Header Files</Filter>
    </ClInclude>
    <ClInclude Include="..\resizabledialog.h">
      <Filter>Header Files</Filter>
    </ClInclude>
    <ClInclude Include="..\resizabledialogs.rh">
      <Filter>Header Files</Filter>
    </ClInclude>
    <ClInclude Include="..\resizabledialogs1.h">
      <Filter>Header Files</Filter>
    </ClInclude>
    <ClInclude Include="..\treelist.h">
      <Filter>Header Files</Filter>
    </ClInclude>
    <ClInclude Include="..\gridpicdlg.h">
      <Filter>Header Files</Filter>
    </ClInclude>
    <ClInclude Include="..\draglistwnd.h">
      <Filter>Header Files</Filter>
    </ClInclude>
    <ClInclude Include="..\ledclock.h">
      <Filter>Header Files</Filter>
    </ClInclude>
    <ClInclude Include="..\ledclockdlg.h">
      <Filter>Header Files</Filter>
    </ClInclude>
  </ItemGroup>
  <ItemGroup>
    <Text Include="..\description.txt">
      <Filter>Source Files</Filter>
    </Text>
  </ItemGroup>
  <ItemGroup>
    <ResourceCompile Include="..\Resource.rc">
      <Filter>Resource Files</Filter>
    </ResourceCompile>
    <ResourceCompile Include="..\exceptiontransport.rc">
      <Filter>Resource Files</Filter>
    </ResourceCompile>
    <ResourceCompile Include="..\tabctrl.rc">
      <Filter>Resource Files</Filter>
    </ResourceCompile>
    <ResourceCompile Include="..\tabbed.rc">
      <Filter>Resource Files</Filter>
    </ResourceCompile>
    <ResourceCompile Include="..\dialogdatatransfer.rc">
      <Filter>Resource Files</Filter>
    </ResourceCompile>
    <ResourceCompile Include="..\transfer.rc">
      <Filter>Resource Files</Filter>
    </ResourceCompile>
    <ResourceCompile Include="..\transferbuffer.rc">
      <Filter>Resource Files</Filter>
    </ResourceCompile>
    <ResourceCompile Include="..\themsapp.rc">
      <Filter>Resource Files</Filter>
    </ResourceCompile>
    <ResourceCompile Include="..\layout.rc">
      <Filter>Resource Files</Filter>
    </ResourceCompile>
    <ResourceCompile Include="..\resizabledialogs.rc">
      <Filter>Resource Files</Filter>
    </ResourceCompile>
  </ItemGroup>
  <ItemGroup>
    <Image Include="..\owlGlyph.bmp">
      <Filter>Resource Files</Filter>
    </Image>
    <Image Include="..\images\owlGlyph.bmp">
      <Filter>Resource Files</Filter>
    </Image>
    <Image Include="..\images\icons.bmp">
      <Filter>Resource Files</Filter>
    </Image>
    <Image Include="..\images\SB_BW.BMP">
      <Filter>Resource Files</Filter>
    </Image>
    <Image Include="..\images\SBSML256.BMP">
      <Filter>Resource Files</Filter>
    </Image>
    <Image Include="..\images\idi_icon1.ico">
      <Filter>Resource Files</Filter>
    </Image>
    <Image Include="..\images\bmpviewicon.ico">
      <Filter>Resource Files</Filter>
    </Image>
    <Image Include="..\images\idi_icon2.ico">
      <Filter>Resource Files</Filter>
    </Image>
    <Image Include="..\images\idi_icon3.ico">
      <Filter>Resource Files</Filter>
    </Image>
    <Image Include="..\images\idi_icon4.ico">
      <Filter>Resource Files</Filter>
    </Image>
  </ItemGroup>
  <ItemGroup>
    <None Include="..\dialogdatatransfer.rh">
      <Filter>Header Files</Filter>
    </None>
    <None Include="..\transfer.rh">
      <Filter>Header Files</Filter>
    </None>
    <None Include="..\transferbuffer.rh">
      <Filter>Header Files</Filter>
    </None>
    <None Include="..\themsapp.rh">
      <Filter>Header Files</Filter>
    </None>
  </ItemGroup>
</Project>